
Microsoft Visual Studio Solution File, Format Version 12.00
# Visual Studio Version 17
VisualStudioVersion = 17.8.34330.188
MinimumVisualStudioVersion = 10.0.40219.1
Project("{8BC9CEB8-8B4A-11D0-8D11-00A0C91BC942}") = "Sandbox", "Sandbox\Sandbox.vcxproj", "{75FEA23F-FD65-4816-90D1-13710080FCC6}"
	ProjectSection(ProjectDependencies) = postProject
		{845DDCAD-87EC-4C3A-82A8-EF3D701C5A3B} = {845DDCAD-87EC-4C3A-82A8-EF3D701C5A3B}
	EndProjectSection
EndProject
Project("{8BC9CEB8-8B4A-11D0-8D11-00A0C91BC942}") = "Hazel", "Hazel\Hazel.vcxproj", "{845DDCAD-87EC-4C3A-82A8-EF3D701C5A3B}"
	ProjectSection(ProjectDependencies) = postProject
		{49650944-28B0-40CB-AFE9-45869C632FC8} = {49650944-28B0-40CB-AFE9-45869C632FC8}
	EndProjectSection
EndProject
Project("{8BC9CEB8-8B4A-11D0-8D11-00A0C91BC942}") = "GLFW", "Hazel\vender\GLFW\GLFW.vcxproj", "{49650944-28B0-40CB-AFE9-45869C632FC8}"
EndProject
Project("{8BC9CEB8-8B4A-11D0-8D11-00A0C91BC942}") = "Glad", "Hazel\vender\Glad\Glad.vcxproj", "{BDD6857C-A90D-870D-52FA-6C103E10030F}"
EndProject
Project("{8BC9CEB8-8B4A-11D0-8D11-00A0C91BC942}") = "ImGui", "Hazel\vender\ImGui\ImGui.vcxproj", "{2F03BDDE-7890-4083-A4C3-8B114DD39D9F}"
EndProject
Project("{2150E333-8FDC-42A3-9474-1A3956D46DE8}") = "Dependencies", "Dependencies", "{C6D07287-2C45-48F1-AF92-86A758CF8510}"
EndProject
Global
	GlobalSection(SolutionConfigurationPlatforms) = preSolution
		Debug|x64 = Debug|x64
		Distribution|x64 = Distribution|x64
		Release|x64 = Release|x64
	EndGlobalSection
	GlobalSection(ProjectConfigurationPlatforms) = postSolution
		{75FEA23F-FD65-4816-90D1-13710080FCC6}.Debug|x64.ActiveCfg = Debug|x64
		{75FEA23F-FD65-4816-90D1-13710080FCC6}.Debug|x64.Build.0 = Debug|x64
		{75FEA23F-FD65-4816-90D1-13710080FCC6}.Distribution|x64.ActiveCfg = Distribution|x64
		{75FEA23F-FD65-4816-90D1-13710080FCC6}.Distribution|x64.Build.0 = Distribution|x64
		{75FEA23F-FD65-4816-90D1-13710080FCC6}.Release|x64.ActiveCfg = Release|x64
		{75FEA23F-FD65-4816-90D1-13710080FCC6}.Release|x64.Build.0 = Release|x64
		{845DDCAD-87EC-4C3A-82A8-EF3D701C5A3B}.Debug|x64.ActiveCfg = Debug|x64
		{845DDCAD-87EC-4C3A-82A8-EF3D701C5A3B}.Debug|x64.Build.0 = Debug|x64
		{845DDCAD-87EC-4C3A-82A8-EF3D701C5A3B}.Distribution|x64.ActiveCfg = Distribution|x64
		{845DDCAD-87EC-4C3A-82A8-EF3D701C5A3B}.Distribution|x64.Build.0 = Distribution|x64
		{845DDCAD-87EC-4C3A-82A8-EF3D701C5A3B}.Release|x64.ActiveCfg = Release|x64
		{845DDCAD-87EC-4C3A-82A8-EF3D701C5A3B}.Release|x64.Build.0 = Release|x64
		{49650944-28B0-40CB-AFE9-45869C632FC8}.Debug|x64.ActiveCfg = Debug|x64
		{49650944-28B0-40CB-AFE9-45869C632FC8}.Debug|x64.Build.0 = Debug|x64
		{49650944-28B0-40CB-AFE9-45869C632FC8}.Distribution|x64.ActiveCfg = Distribution|x64
		{49650944-28B0-40CB-AFE9-45869C632FC8}.Distribution|x64.Build.0 = Distribution|x64
		{49650944-28B0-40CB-AFE9-45869C632FC8}.Release|x64.ActiveCfg = Release|x64
		{49650944-28B0-40CB-AFE9-45869C632FC8}.Release|x64.Build.0 = Release|x64
		{BDD6857C-A90D-870D-52FA-6C103E10030F}.Debug|x64.ActiveCfg = Debug|x64
		{BDD6857C-A90D-870D-52FA-6C103E10030F}.Debug|x64.Build.0 = Debug|x64
		{BDD6857C-A90D-870D-52FA-6C103E10030F}.Distribution|x64.ActiveCfg = Distribution|x64
		{BDD6857C-A90D-870D-52FA-6C103E10030F}.Distribution|x64.Build.0 = Distribution|x64
		{BDD6857C-A90D-870D-52FA-6C103E10030F}.Release|x64.ActiveCfg = Release|x64
		{BDD6857C-A90D-870D-52FA-6C103E10030F}.Release|x64.Build.0 = Release|x64
		{2F03BDDE-7890-4083-A4C3-8B114DD39D9F}.Debug|x64.ActiveCfg = Debug|x64
		{2F03BDDE-7890-4083-A4C3-8B114DD39D9F}.Debug|x64.Build.0 = Debug|x64
		{2F03BDDE-7890-4083-A4C3-8B114DD39D9F}.Distribution|x64.ActiveCfg = Distribution|x64
		{2F03BDDE-7890-4083-A4C3-8B114DD39D9F}.Distribution|x64.Build.0 = Distribution|x64
		{2F03BDDE-7890-4083-A4C3-8B114DD39D9F}.Release|x64.ActiveCfg = Release|x64
		{2F03BDDE-7890-4083-A4C3-8B114DD39D9F}.Release|x64.Build.0 = Release|x64
	EndGlobalSection
	GlobalSection(SolutionProperties) = preSolution
		HideSolutionNode = FALSE
	EndGlobalSection
	GlobalSection(NestedProjects) = preSolution
		{49650944-28B0-40CB-AFE9-45869C632FC8} = {C6D07287-2C45-48F1-AF92-86A758CF8510}
		{BDD6857C-A90D-870D-52FA-6C103E10030F} = {C6D07287-2C45-48F1-AF92-86A758CF8510}
		{2F03BDDE-7890-4083-A4C3-8B114DD39D9F} = {C6D07287-2C45-48F1-AF92-86A758CF8510}
	EndGlobalSection
	GlobalSection(ExtensibilityGlobals) = postSolution
		SolutionGuid = {7C900C40-A78B-4BA3-BBE8-4437DC302472}
	EndGlobalSection
EndGlobal
