<?xml version="1.0" encoding="utf-8"?>
<Project ToolsVersion="4.0" xmlns="http://schemas.microsoft.com/developer/msbuild/2003">
  <ItemGroup>
    <Filter Include="來源檔案">
      <UniqueIdentifier>{4FC737F1-C7A5-4376-A066-2A32D752A2FF}</UniqueIdentifier>
      <Extensions>cpp;c;cc;cxx;c++;cppm;ixx;def;odl;idl;hpj;bat;asm;asmx</Extensions>
    </Filter>
    <Filter Include="標頭檔">
      <UniqueIdentifier>{93995380-89BD-4b04-88EB-625FBE52EBFB}</UniqueIdentifier>
      <Extensions>h;hh;hpp;hxx;h++;hm;inl;inc;ipp;xsd</Extensions>
    </Filter>
    <Filter Include="資源檔">
      <UniqueIdentifier>{67DA6AB6-F800-4c08-8B7A-83BB121AAD01}</UniqueIdentifier>
      <Extensions>rc;ico;cur;bmp;dlg;rc2;rct;bin;rgs;gif;jpg;jpeg;jpe;resx;tiff;tif;png;wav;mfcribbon-ms</Extensions>
    </Filter>
  </ItemGroup>
  <ItemGroup>
    <ClInclude Include="src\Hazel\Core\Application.h">
      <Filter>標頭檔</Filter>
    </ClInclude>
    <ClInclude Include="src\Hazel\Core\Base.h">
      <Filter>標頭檔</Filter>
    </ClInclude>
    <ClInclude Include="src\Hazel.h">
      <Filter>標頭檔</Filter>
    </ClInclude>
    <ClInclude Include="src\Hazel\Core\EntryPoint.h">
      <Filter>標頭檔</Filter>
    </ClInclude>
    <ClInclude Include="src\Hazel\Core\Log.h">
      <Filter>標頭檔</Filter>
    </ClInclude>
    <ClInclude Include="src\Hazel\Events\Event.h">
      <Filter>標頭檔</Filter>
    </ClInclude>
    <ClInclude Include="src\Hazel\Events\ApplicationEvent.h">
      <Filter>標頭檔</Filter>
    </ClInclude>
    <ClInclude Include="src\Hazel\Events\KeyEvent.h">
      <Filter>標頭檔</Filter>
    </ClInclude>
    <ClInclude Include="src\Hazel\Events\MouseEvent.h">
      <Filter>標頭檔</Filter>
    </ClInclude>
    <ClInclude Include="src\hzpch.h">
      <Filter>標頭檔</Filter>
    </ClInclude>
    <ClInclude Include="src\Hazel\Core\Window.h">
      <Filter>標頭檔</Filter>
    </ClInclude>
    <ClInclude Include="src\Platform\Windows\WindowsWindow.h">
      <Filter>標頭檔</Filter>
    </ClInclude>
    <ClInclude Include="src\Hazel\Core\Layer.h">
      <Filter>標頭檔</Filter>
    </ClInclude>
    <ClInclude Include="src\Hazel\Core\LayerStack.h">
      <Filter>標頭檔</Filter>
    </ClInclude>
    <ClInclude Include="src\Hazel\ImGui\ImGuiLayer.h">
      <Filter>標頭檔</Filter>
    </ClInclude>
    <ClInclude Include="src\Hazel\Core\Input.h">
      <Filter>標頭檔</Filter>
    </ClInclude>
    <ClInclude Include="src\Hazel\Core\KeyCodes.h">
      <Filter>標頭檔</Filter>
    </ClInclude>
    <ClInclude Include="src\Hazel\Core\MouseCodes.h">
      <Filter>標頭檔</Filter>
    </ClInclude>
    <ClInclude Include="src\Hazel\Renderer\GraphicsContext.h">
      <Filter>標頭檔</Filter>
    </ClInclude>
    <ClInclude Include="src\Platform\OpenGL\OpenGLContext.h">
      <Filter>標頭檔</Filter>
    </ClInclude>
    <ClInclude Include="src\Hazel\Renderer\Shader.h">
      <Filter>標頭檔</Filter>
    </ClInclude>
    <ClInclude Include="src\Hazel\Renderer\Buffer.h">
      <Filter>標頭檔</Filter>
    </ClInclude>
    <ClInclude Include="src\Platform\OpenGL\OpenGLBuffer.h">
      <Filter>標頭檔</Filter>
    </ClInclude>
    <ClInclude Include="src\Hazel\Renderer\Renderer.h">
      <Filter>標頭檔</Filter>
    </ClInclude>
    <ClInclude Include="src\Hazel\Renderer\VertexArray.h">
      <Filter>標頭檔</Filter>
    </ClInclude>
    <ClInclude Include="src\Platform\OpenGL\OpenGLVertexArray.h">
      <Filter>標頭檔</Filter>
    </ClInclude>
    <ClInclude Include="src\Hazel\Renderer\RendererAPI.h">
      <Filter>標頭檔</Filter>
    </ClInclude>
    <ClInclude Include="src\Hazel\Renderer\RenderCommand.h">
      <Filter>標頭檔</Filter>
    </ClInclude>
    <ClInclude Include="src\Platform\OpenGL\OpenGLRendererAPI.h">
      <Filter>標頭檔</Filter>
    </ClInclude>
    <ClInclude Include="src\Hazel\Renderer\OrthographicCamera.h">
      <Filter>標頭檔</Filter>
    </ClInclude>
    <ClInclude Include="src\Hazel\Core\Timestep.h">
      <Filter>標頭檔</Filter>
    </ClInclude>
    <ClInclude Include="src\Platform\OpenGL\OpenGLShader.h">
      <Filter>標頭檔</Filter>
    </ClInclude>
    <ClInclude Include="src\Hazel\Renderer\Texture.h">
      <Filter>標頭檔</Filter>
    </ClInclude>
    <ClInclude Include="src\Platform\OpenGL\OpenGLTexture.h">
      <Filter>標頭檔</Filter>
    </ClInclude>
    <ClInclude Include="vender\stb_image\stb_image.h">
      <Filter>標頭檔</Filter>
    </ClInclude>
    <ClInclude Include="src\Hazel\Renderer\OrthographicCameraController.h">
      <Filter>標頭檔</Filter>
    </ClInclude>
    <ClInclude Include="src\Hazel\Renderer\Renderer2D.h">
      <Filter>標頭檔</Filter>
    </ClInclude>
    <ClInclude Include="src\Hazel\Debug\Instrumentor.h">
      <Filter>標頭檔</Filter>
    </ClInclude>
    <ClInclude Include="src\Hazel\Renderer\SubTexture2D.h">
      <Filter>標頭檔</Filter>
    </ClInclude>
    <ClInclude Include="src\Hazel\Renderer\Framebuffer.h">
      <Filter>標頭檔</Filter>
    </ClInclude>
    <ClInclude Include="src\Platform\OpenGL\OpenGLFramebuffer.h">
      <Filter>標頭檔</Filter>
    </ClInclude>
    <ClInclude Include="vender\entt\entt.hpp">
      <Filter>標頭檔</Filter>
    </ClInclude>
    <ClInclude Include="src\Hazel\Scene\Scene.h">
      <Filter>標頭檔</Filter>
    </ClInclude>
    <ClInclude Include="vender\entt\include\entt.hpp">
      <Filter>標頭檔</Filter>
    </ClInclude>
  </ItemGroup>
  <ItemGroup>
    <ClCompile Include="src\Hazel\Core\Application.cpp">
      <Filter>來源檔案</Filter>
    </ClCompile>
    <ClCompile Include="src\Hazel\Core\Log.cpp">
      <Filter>來源檔案</Filter>
    </ClCompile>
    <ClCompile Include="src\hzpch.cpp">
      <Filter>來源檔案</Filter>
    </ClCompile>
    <ClCompile Include="src\Platform\Windows\WindowsWindow.cpp">
      <Filter>來源檔案</Filter>
    </ClCompile>
    <ClCompile Include="src\Hazel\Core\Layer.cpp">
      <Filter>來源檔案</Filter>
    </ClCompile>
    <ClCompile Include="src\Hazel\Core\LayerStack.cpp">
      <Filter>來源檔案</Filter>
    </ClCompile>
    <ClCompile Include="src\Hazel\ImGui\ImGuiLayer.cpp">
      <Filter>來源檔案</Filter>
    </ClCompile>
    <ClCompile Include="src\Platform\Windows\WindowsInput.cpp">
      <Filter>來源檔案</Filter>
    </ClCompile>
    <ClCompile Include="src\Hazel\ImGui\ImGuiBuild.cpp">
      <Filter>來源檔案</Filter>
    </ClCompile>
    <ClCompile Include="src\Platform\OpenGL\OpenGLContext.cpp">
      <Filter>來源檔案</Filter>
    </ClCompile>
    <ClCompile Include="src\Hazel\Renderer\Shader.cpp">
      <Filter>來源檔案</Filter>
    </ClCompile>
    <ClCompile Include="src\Hazel\Renderer\Buffer.cpp">
      <Filter>來源檔案</Filter>
    </ClCompile>
    <ClCompile Include="src\Platform\OpenGL\OpenGLBuffer.cpp">
      <Filter>來源檔案</Filter>
    </ClCompile>
    <ClCompile Include="src\Hazel\Renderer\Renderer.cpp">
      <Filter>來源檔案</Filter>
    </ClCompile>
    <ClCompile Include="src\Hazel\Renderer\VertexArray.cpp">
      <Filter>來源檔案</Filter>
    </ClCompile>
    <ClCompile Include="src\Platform\OpenGL\OpenGLVertexArray.cpp">
      <Filter>來源檔案</Filter>
    </ClCompile>
    <ClCompile Include="src\Hazel\Renderer\RenderCommand.cpp">
      <Filter>來源檔案</Filter>
    </ClCompile>
    <ClCompile Include="src\Hazel\Renderer\RendererAPI.cpp">
      <Filter>來源檔案</Filter>
    </ClCompile>
    <ClCompile Include="src\Platform\OpenGL\OpenGLRendererAPI.cpp">
      <Filter>來源檔案</Filter>
    </ClCompile>
    <ClCompile Include="src\Hazel\Renderer\OrthographicCamera.cpp">
      <Filter>來源檔案</Filter>
    </ClCompile>
    <ClCompile Include="src\Platform\OpenGL\OpenGLShader.cpp">
      <Filter>來源檔案</Filter>
    </ClCompile>
    <ClCompile Include="src\Hazel\Renderer\Texture.cpp">
      <Filter>來源檔案</Filter>
    </ClCompile>
    <ClCompile Include="src\Platform\OpenGL\OpenGLTexture.cpp">
      <Filter>來源檔案</Filter>
    </ClCompile>
    <ClCompile Include="vender\stb_image\stb_image.cpp">
      <Filter>來源檔案</Filter>
    </ClCompile>
    <ClCompile Include="src\Hazel\Renderer\OrthographicCameraController.cpp">
      <Filter>來源檔案</Filter>
    </ClCompile>
    <ClCompile Include="src\Hazel\Renderer\Renderer2D.cpp">
      <Filter>來源檔案</Filter>
    </ClCompile>
    <ClCompile Include="src\Hazel\Core\Window.cpp">
      <Filter>來源檔案</Filter>
    </ClCompile>
    <ClCompile Include="src\Hazel\Renderer\SubTexture2D.cpp">
      <Filter>來源檔案</Filter>
    </ClCompile>
    <ClCompile Include="src\Hazel\Renderer\Framebuffer.cpp">
      <Filter>來源檔案</Filter>
    </ClCompile>
    <ClCompile Include="src\Platform\OpenGL\OpenGLFramebuffer.cpp">
      <Filter>來源檔案</Filter>
    </ClCompile>
    <ClCompile Include="src\Hazel\Scene\Scene.cpp">
      <Filter>來源檔案</Filter>
    </ClCompile>
  </ItemGroup>
</Project>